
Microsoft Visual Studio Solution File, Format Version 12.00
# Visual Studio Version 17
VisualStudioVersion = 17.0.31903.59
MinimumVisualStudioVersion = 10.0.40219.1
Project("{2150E333-8FDC-42A3-9474-1A3956D46DE8}") = "src", "src", "{D6EE844B-9545-4F05-8AC2-8623F4D5BE84}"
EndProject
Project("{FAE04EC0-301F-11D3-BF4B-00C04F79EFBC}") = "DbDataBuild.Cli", "src\DbDataBuild.Cli\DbDataBuild.Cli.csproj", "{0C09714B-193A-453F-A5F6-3E2DDFFC8F2B}"
EndProject
Project("{FAE04EC0-301F-11D3-BF4B-00C04F79EFBC}") = "DbDataBuild.Core", "src\DbDataBuild.Core\DbDataBuild.Core.csproj", "{A00EDD6C-BCD9-4922-B659-11A9473C114A}"
EndProject
Project("{FAE04EC0-301F-11D3-BF4B-00C04F79EFBC}") = "DbDataBuild.Models", "src\DbDataBuild.Models\DbDataBuild.Models.csproj", "{7F551C30-6AEA-47CA-BDA7-80B9F47669DE}"
EndProject
Project("{2150E333-8FDC-42A3-9474-1A3956D46DE8}") = "tests", "tests", "{A4B6678B-F414-4757-B44F-BFF10F1C9E5A}"
EndProject
Project("{FAE04EC0-301F-11D3-BF4B-00C04F79EFBC}") = "DbDataBuild.Tests.Unit", "tests\DbDataBuild.Tests.Unit\DbDataBuild.Tests.Unit.csproj", "{45B2D0F8-0FD8-4C66-BD3A-CF27DBA874CA}"
EndProject
Project("{FAE04EC0-301F-11D3-BF4B-00C04F79EFBC}") = "DbDataBuild.Sql", "src\DbDataBuild.Sql\DbDataBuild.Sql.csproj", "{48E06079-A415-4818-A416-28FE5C54E624}"
EndProject
Project("{2150E333-8FDC-42A3-9474-1A3956D46DE8}") = "spike", "spike", "{E101072E-5FEC-4827-8B50-EC036F084282}"
EndProject
Project("{FAE04EC0-301F-11D3-BF4B-00C04F79EFBC}") = "DbDataBuild.Spike", "spike\DbDataBuild.Spike\DbDataBuild.Spike.csproj", "{FACE0BCC-6C10-4062-97A9-28992F059D85}"
EndProject
Global
	GlobalSection(SolutionConfigurationPlatforms) = preSolution
		Debug|Any CPU = Debug|Any CPU
		Release|Any CPU = Release|Any CPU
	EndGlobalSection
	GlobalSection(SolutionProperties) = preSolution
		HideSolutionNode = FALSE
	EndGlobalSection
	GlobalSection(ProjectConfigurationPlatforms) = postSolution
		{0C09714B-193A-453F-A5F6-3E2DDFFC8F2B}.Debug|Any CPU.ActiveCfg = Debug|Any CPU
		{0C09714B-193A-453F-A5F6-3E2DDFFC8F2B}.Debug|Any CPU.Build.0 = Debug|Any CPU
		{0C09714B-193A-453F-A5F6-3E2DDFFC8F2B}.Release|Any CPU.ActiveCfg = Release|Any CPU
		{0C09714B-193A-453F-A5F6-3E2DDFFC8F2B}.Release|Any CPU.Build.0 = Release|Any CPU
		{A00EDD6C-BCD9-4922-B659-11A9473C114A}.Debug|Any CPU.ActiveCfg = Debug|Any CPU
		{A00EDD6C-BCD9-4922-B659-11A9473C114A}.Debug|Any CPU.Build.0 = Debug|Any CPU
		{A00EDD6C-BCD9-4922-B659-11A9473C114A}.Release|Any CPU.ActiveCfg = Release|Any CPU
		{A00EDD6C-BCD9-4922-B659-11A9473C114A}.Release|Any CPU.Build.0 = Release|Any CPU
		{7F551C30-6AEA-47CA-BDA7-80B9F47669DE}.Debug|Any CPU.ActiveCfg = Debug|Any CPU
		{7F551C30-6AEA-47CA-BDA7-80B9F47669DE}.Debug|Any CPU.Build.0 = Debug|Any CPU
		{7F551C30-6AEA-47CA-BDA7-80B9F47669DE}.Release|Any CPU.ActiveCfg = Release|Any CPU
		{7F551C30-6AEA-47CA-BDA7-80B9F47669DE}.Release|Any CPU.Build.0 = Release|Any CPU
		{45B2D0F8-0FD8-4C66-BD3A-CF27DBA874CA}.Debug|Any CPU.ActiveCfg = Debug|Any CPU
		{45B2D0F8-0FD8-4C66-BD3A-CF27DBA874CA}.Debug|Any CPU.Build.0 = Debug|Any CPU
		{45B2D0F8-0FD8-4C66-BD3A-CF27DBA874CA}.Release|Any CPU.ActiveCfg = Release|Any CPU
		{45B2D0F8-0FD8-4C66-BD3A-CF27DBA874CA}.Release|Any CPU.Build.0 = Release|Any CPU
		{48E06079-A415-4818-A416-28FE5C54E624}.Debug|Any CPU.ActiveCfg = Debug|Any CPU
		{48E06079-A415-4818-A416-28FE5C54E624}.Debug|Any CPU.Build.0 = Debug|Any CPU
		{48E06079-A415-4818-A416-28FE5C54E624}.Release|Any CPU.ActiveCfg = Release|Any CPU
		{48E06079-A415-4818-A416-28FE5C54E624}.Release|Any CPU.Build.0 = Release|Any CPU
		{FACE0BCC-6C10-4062-97A9-28992F059D85}.Debug|Any CPU.ActiveCfg = Debug|Any CPU
		{FACE0BCC-6C10-4062-97A9-28992F059D85}.Debug|Any CPU.Build.0 = Debug|Any CPU
		{FACE0BCC-6C10-4062-97A9-28992F059D85}.Release|Any CPU.ActiveCfg = Release|Any CPU
		{FACE0BCC-6C10-4062-97A9-28992F059D85}.Release|Any CPU.Build.0 = Release|Any CPU
	EndGlobalSection
	GlobalSection(NestedProjects) = preSolution
		{0C09714B-193A-453F-A5F6-3E2DDFFC8F2B} = {D6EE844B-9545-4F05-8AC2-8623F4D5BE84}
		{A00EDD6C-BCD9-4922-B659-11A9473C114A} = {D6EE844B-9545-4F05-8AC2-8623F4D5BE84}
		{7F551C30-6AEA-47CA-BDA7-80B9F47669DE} = {D6EE844B-9545-4F05-8AC2-8623F4D5BE84}
		{45B2D0F8-0FD8-4C66-BD3A-CF27DBA874CA} = {A4B6678B-F414-4757-B44F-BFF10F1C9E5A}
		{48E06079-A415-4818-A416-28FE5C54E624} = {D6EE844B-9545-4F05-8AC2-8623F4D5BE84}
		{FACE0BCC-6C10-4062-97A9-28992F059D85} = {E101072E-5FEC-4827-8B50-EC036F084282}
	EndGlobalSection
EndGlobal
